
Microsoft Visual Studio Solution File, Format Version 12.00
# Visual Studio 2013
VisualStudioVersion = 12.0.40629.0
MinimumVisualStudioVersion = 10.0.40219.1
Project("{FAE04EC0-301F-11D3-BF4B-00C04F79EFBC}") = "STWebAPP", "STWebAPP\STWebAPP.csproj", "{266E4C5F-D0E7-4566-B545-618B80AE4235}"
EndProject
Project("{FAE04EC0-301F-11D3-BF4B-00C04F79EFBC}") = "BussModule", "BussModule\BussModule.csproj", "{D7308C16-C6AE-4F27-B8E5-E607B507B035}"
EndProject
Global
	GlobalSection(TeamFoundationVersionControl) = preSolution
		SccNumberOfProjects = 3
		SccEnterpriseProvider = {4CA58AB2-18FA-4F8D-95D4-32DDF27D184C}
		SccTeamFoundationServer = http://114.215.237.13:8080/tfs/defaultcollection
		SccLocalPath0 = .
		SccProjectUniqueName1 = BussModule\\BussModule.csproj
		SccProjectName1 = BussModule
		SccLocalPath1 = BussModule
		SccProjectUniqueName2 = STWebAPP\\STWebAPP.csproj
		SccProjectName2 = STWebAPP
		SccLocalPath2 = STWebAPP
	EndGlobalSection
	GlobalSection(SolutionConfigurationPlatforms) = preSolution
		Debug|Any CPU = Debug|Any CPU
		Release|Any CPU = Release|Any CPU
	EndGlobalSection
	GlobalSection(ProjectConfigurationPlatforms) = postSolution
		{266E4C5F-D0E7-4566-B545-618B80AE4235}.Debug|Any CPU.ActiveCfg = Debug|Any CPU
		{266E4C5F-D0E7-4566-B545-618B80AE4235}.Debug|Any CPU.Build.0 = Debug|Any CPU
		{266E4C5F-D0E7-4566-B545-618B80AE4235}.Release|Any CPU.ActiveCfg = Release|Any CPU
		{266E4C5F-D0E7-4566-B545-618B80AE4235}.Release|Any CPU.Build.0 = Release|Any CPU
		{D7308C16-C6AE-4F27-B8E5-E607B507B035}.Debug|Any CPU.ActiveCfg = Debug|Any CPU
		{D7308C16-C6AE-4F27-B8E5-E607B507B035}.Debug|Any CPU.Build.0 = Debug|Any CPU
		{D7308C16-C6AE-4F27-B8E5-E607B507B035}.Release|Any CPU.ActiveCfg = Release|Any CPU
		{D7308C16-C6AE-4F27-B8E5-E607B507B035}.Release|Any CPU.Build.0 = Release|Any CPU
	EndGlobalSection
	GlobalSection(SolutionProperties) = preSolution
		HideSolutionNode = FALSE
	EndGlobalSection
EndGlobal
